// !$*UTF8*$!
{
	archiveVersion = 1;
	classes = {
	};
	objectVersion = 50;
	objects = {

/* Begin PBXBuildFile section */
		48010E0320A4F48A0009C1BE /* AppDelegate.swift in Sources */ = {isa = PBXBuildFile; fileRef = 48010E0220A4F48A0009C1BE /* AppDelegate.swift */; };
		48010E0820A4F48A0009C1BE /* Main.storyboard in Resources */ = {isa = PBXBuildFile; fileRef = 48010E0620A4F48A0009C1BE /* Main.storyboard */; };
		48010E0A20A4F48C0009C1BE /* Assets.xcassets in Resources */ = {isa = PBXBuildFile; fileRef = 48010E0920A4F48C0009C1BE /* Assets.xcassets */; };
		48010E0D20A4F48C0009C1BE /* LaunchScreen.storyboard in Resources */ = {isa = PBXBuildFile; fileRef = 48010E0B20A4F48C0009C1BE /* LaunchScreen.storyboard */; };
		4818181A20AB53F8000CAD6E /* ButtonsViewController.swift in Sources */ = {isa = PBXBuildFile; fileRef = 4818181920AB53F8000CAD6E /* ButtonsViewController.swift */; };
		48D1E52F20BE560E00BC2334 /* SplittingButton.swift in Sources */ = {isa = PBXBuildFile; fileRef = 48D1E52E20BE560E00BC2334 /* SplittingButton.swift */; };
/* End PBXBuildFile section */

/* Begin PBXFileReference section */
		48010DFF20A4F48A0009C1BE /* splittingButtonLibrary.app */ = {isa = PBXFileReference; explicitFileType = wrapper.application; includeInIndex = 0; path = splittingButtonLibrary.app; sourceTree = BUILT_PRODUCTS_DIR; };
		48010E0220A4F48A0009C1BE /* AppDelegate.swift */ = {isa = PBXFileReference; lastKnownFileType = sourcecode.swift; path = AppDelegate.swift; sourceTree = "<group>"; };
		48010E0720A4F48A0009C1BE /* Base */ = {isa = PBXFileReference; lastKnownFileType = file.storyboard; name = Base; path = Base.lproj/Main.storyboard; sourceTree = "<group>"; };
		48010E0920A4F48C0009C1BE /* Assets.xcassets */ = {isa = PBXFileReference; lastKnownFileType = folder.assetcatalog; path = Assets.xcassets; sourceTree = "<group>"; };
		48010E0C20A4F48C0009C1BE /* Base */ = {isa = PBXFileReference; lastKnownFileType = file.storyboard; name = Base; path = Base.lproj/LaunchScreen.storyboard; sourceTree = "<group>"; };
		48010E0E20A4F48C0009C1BE /* Info.plist */ = {isa = PBXFileReference; lastKnownFileType = text.plist.xml; path = Info.plist; sourceTree = "<group>"; };
		4818181920AB53F8000CAD6E /* ButtonsViewController.swift */ = {isa = PBXFileReference; lastKnownFileType = sourcecode.swift; path = ButtonsViewController.swift; sourceTree = "<group>"; };
		48D1E52E20BE560E00BC2334 /* SplittingButton.swift */ = {isa = PBXFileReference; lastKnownFileType = sourcecode.swift; path = SplittingButton.swift; sourceTree = "<group>"; };
/* End PBXFileReference section */

/* Begin PBXFrameworksBuildPhase section */
		48010DFC20A4F48A0009C1BE /* Frameworks */ = {
			isa = PBXFrameworksBuildPhase;
			buildActionMask = 2147483647;
			files = (
			);
			runOnlyForDeploymentPostprocessing = 0;
		};
/* End PBXFrameworksBuildPhase section */

/* Begin PBXGroup section */
		48010DF620A4F48A0009C1BE = {
			isa = PBXGroup;
			children = (
				48010E0120A4F48A0009C1BE /* splittingButtonLibrary */,
				48010E0020A4F48A0009C1BE /* Products */,
			);
			sourceTree = "<group>";
		};
		48010E0020A4F48A0009C1BE /* Products */ = {
			isa = PBXGroup;
			children = (
				48010DFF20A4F48A0009C1BE /* splittingButtonLibrary.app */,
			);
			name = Products;
			sourceTree = "<group>";
		};
		48010E0120A4F48A0009C1BE /* splittingButtonLibrary */ = {
			isa = PBXGroup;
			children = (
				48010E0220A4F48A0009C1BE /* AppDelegate.swift */,
				4818181920AB53F8000CAD6E /* ButtonsViewController.swift */,
				48D1E53020BE567300BC2334 /* SplittingButton */,
				48010E0620A4F48A0009C1BE /* Main.storyboard */,
				48010E0920A4F48C0009C1BE /* Assets.xcassets */,
				48010E0B20A4F48C0009C1BE /* LaunchScreen.storyboard */,
				48010E0E20A4F48C0009C1BE /* Info.plist */,
			);
			path = splittingButtonLibrary;
			sourceTree = "<group>";
		};
		48D1E53020BE567300BC2334 /* SplittingButton */ = {
			isa = PBXGroup;
			children = (
				48D1E52E20BE560E00BC2334 /* SplittingButton.swift */,
			);
			path = SplittingButton;
			sourceTree = "<group>";
		};
/* End PBXGroup section */

/* Begin PBXNativeTarget section */
		48010DFE20A4F48A0009C1BE /* splittingButtonLibrary */ = {
			isa = PBXNativeTarget;
			buildConfigurationList = 48010E1120A4F48D0009C1BE /* Build configuration list for PBXNativeTarget "splittingButtonLibrary" */;
			buildPhases = (
				48010DFB20A4F48A0009C1BE /* Sources */,
				48010DFC20A4F48A0009C1BE /* Frameworks */,
				48010DFD20A4F48A0009C1BE /* Resources */,
			);
			buildRules = (
			);
			dependencies = (
			);
			name = splittingButtonLibrary;
			productName = splittingButtonLibrary;
			productReference = 48010DFF20A4F48A0009C1BE /* splittingButtonLibrary.app */;
			productType = "com.apple.product-type.application";
		};
/* End PBXNativeTarget section */

/* Begin PBXProject section */
		48010DF720A4F48A0009C1BE /* Project object */ = {
			isa = PBXProject;
			attributes = {
				LastSwiftUpdateCheck = 0930;
				LastUpgradeCheck = 0930;
				ORGANIZATIONNAME = "Tony Cioara";
				TargetAttributes = {
					48010DFE20A4F48A0009C1BE = {
						CreatedOnToolsVersion = 9.3;
					};
				};
			};
			buildConfigurationList = 48010DFA20A4F48A0009C1BE /* Build configuration list for PBXProject "splittingButtonLibrary" */;
			compatibilityVersion = "Xcode 9.3";
			developmentRegion = en;
			hasScannedForEncodings = 0;
			knownRegions = (
				en,
				Base,
			);
			mainGroup = 48010DF620A4F48A0009C1BE;
			productRefGroup = 48010E0020A4F48A0009C1BE /* Products */;
			projectDirPath = "";
			projectRoot = "";
			targets = (
				48010DFE20A4F48A0009C1BE /* splittingButtonLibrary */,
			);
		};
/* End PBXProject section */

/* Begin PBXResourcesBuildPhase section */
		48010DFD20A4F48A0009C1BE /* Resources */ = {
			isa = PBXResourcesBuildPhase;
			buildActionMask = 2147483647;
			files = (
				48010E0D20A4F48C0009C1BE /* LaunchScreen.storyboard in Resources */,
				48010E0A20A4F48C0009C1BE /* Assets.xcassets in Resources */,
				48010E0820A4F48A0009C1BE /* Main.storyboard in Resources */,
			);
			runOnlyForDeploymentPostprocessing = 0;
		};
/* End PBXResourcesBuildPhase section */

/* Begin PBXSourcesBuildPhase section */
		48010DFB20A4F48A0009C1BE /* Sources */ = {
			isa = PBXSourcesBuildPhase;
			buildActionMask = 2147483647;
			files = (
				4818181A20AB53F8000CAD6E /* ButtonsViewController.swift in Sources */,
				48D1E52F20BE560E00BC2334 /* SplittingButton.swift in Sources */,
				48010E0320A4F48A0009C1BE /* AppDelegate.swift in Sources */,
			);
			runOnlyForDeploymentPostprocessing = 0;
		};
/* End PBXSourcesBuildPhase section */

/* Begin PBXVariantGroup section */
		48010E0620A4F48A0009C1BE /* Main.storyboard */ = {
			isa = PBXVariantGroup;
			children = (
				48010E0720A4F48A0009C1BE /* Base */,
			);
			name = Main.storyboard;
			sourceTree = "<group>";
		};
		48010E0B20A4F48C0009C1BE /* LaunchScreen.storyboard */ = {
			isa = PBXVariantGroup;
			children = (
				48010E0C20A4F48C0009C1BE /* Base */,
			);
			name = LaunchScreen.storyboard;
			sourceTree = "<group>";
		};
/* End PBXVariantGroup section */

/* Begin XCBuildConfiguration section */
		48010E0F20A4F48D0009C1BE /* Debug */ = {
			isa = XCBuildConfiguration;
			buildSettings = {
				ALWAYS_SEARCH_USER_PATHS = NO;
				CLANG_ANALYZER_NONNULL = YES;
				CLANG_ANALYZER_NUMBER_OBJECT_CONVERSION = YES_AGGRESSIVE;
				CLANG_CXX_LANGUAGE_STANDARD = "gnu++14";
				CLANG_CXX_LIBRARY = "libc++";
				CLANG_ENABLE_MODULES = YES;
				CLANG_ENABLE_OBJC_ARC = YES;
				CLANG_ENABLE_OBJC_WEAK = YES;
				CLANG_WARN_BLOCK_CAPTURE_AUTORELEASING = YES;
				CLANG_WARN_BOOL_CONVERSION = YES;
				CLANG_WARN_COMMA = YES;
				CLANG_WARN_CONSTANT_CONVERSION = YES;
				CLANG_WARN_DEPRECATED_OBJC_IMPLEMENTATIONS = YES;
				CLANG_WARN_DIRECT_OBJC_ISA_USAGE = YES_ERROR;
				CLANG_WARN_DOCUMENTATION_COMMENTS = YES;
				CLANG_WARN_EMPTY_BODY = YES;
				CLANG_WARN_ENUM_CONVERSION = YES;
				CLANG_WARN_INFINITE_RECURSION = YES;
				CLANG_WARN_INT_CONVERSION = YES;
				CLANG_WARN_NON_LITERAL_NULL_CONVERSION = YES;
				CLANG_WARN_OBJC_IMPLICIT_RETAIN_SELF = YES;
				CLANG_WARN_OBJC_LITERAL_CONVERSION = YES;
				CLANG_WARN_OBJC_ROOT_CLASS = YES_ERROR;
				CLANG_WARN_RANGE_LOOP_ANALYSIS = YES;
				CLANG_WARN_STRICT_PROTOTYPES = YES;
				CLANG_WARN_SUSPICIOUS_MOVE = YES;
				CLANG_WARN_UNGUARDED_AVAILABILITY = YES_AGGRESSIVE;
				CLANG_WARN_UNREACHABLE_CODE = YES;
				CLANG_WARN__DUPLICATE_METHOD_MATCH = YES;
				CODE_SIGN_IDENTITY = "iPhone Developer";
				COPY_PHASE_STRIP = NO;
				DEBUG_INFORMATION_FORMAT = dwarf;
				ENABLE_STRICT_OBJC_MSGSEND = YES;
				ENABLE_TESTABILITY = YES;
				GCC_C_LANGUAGE_STANDARD = gnu11;
				GCC_DYNAMIC_NO_PIC = NO;
				GCC_NO_COMMON_BLOCKS = YES;
				GCC_OPTIMIZATION_LEVEL = 0;
				GCC_PREPROCESSOR_DEFINITIONS = (
					"DEBUG=1",
					"$(inherited)",
				);
				GCC_WARN_64_TO_32_BIT_CONVERSION = YES;
				GCC_WARN_ABOUT_RETURN_TYPE = YES_ERROR;
				GCC_WARN_UNDECLARED_SELECTOR = YES;
				GCC_WARN_UNINITIALIZED_AUTOS = YES_AGGRESSIVE;
				GCC_WARN_UNUSED_FUNCTION = YES;
				GCC_WARN_UNUSED_VARIABLE = YES;
				IPHONEOS_DEPLOYMENT_TARGET = 11.3;
				MTL_ENABLE_DEBUG_INFO = YES;
				ONLY_ACTIVE_ARCH = YES;
				SDKROOT = iphoneos;
				SWIFT_ACTIVE_COMPILATION_CONDITIONS = DEBUG;
				SWIFT_OPTIMIZATION_LEVEL = "-Onone";
			};
			name = Debug;
		};
		48010E1020A4F48D0009C1BE /* Release */ = {
			isa = XCBuildConfiguration;
			buildSettings = {
				ALWAYS_SEARCH_USER_PATHS = NO;
				CLANG_ANALYZER_NONNULL = YES;
				CLANG_ANALYZER_NUMBER_OBJECT_CONVERSION = YES_AGGRESSIVE;
				CLANG_CXX_LANGUAGE_STANDARD = "gnu++14";
				CLANG_CXX_LIBRARY = "libc++";
				CLANG_ENABLE_MODULES = YES;
				CLANG_ENABLE_OBJC_ARC = YES;
				CLANG_ENABLE_OBJC_WEAK = YES;
				CLANG_WARN_BLOCK_CAPTURE_AUTORELEASING = YES;
				CLANG_WARN_BOOL_CONVERSION = YES;
				CLANG_WARN_COMMA = YES;
				CLANG_WARN_CONSTANT_CONVERSION = YES;
				CLANG_WARN_DEPRECATED_OBJC_IMPLEMENTATIONS = YES;
				CLANG_WARN_DIRECT_OBJC_ISA_USAGE = YES_ERROR;
				CLANG_WARN_DOCUMENTATION_COMMENTS = YES;
				CLANG_WARN_EMPTY_BODY = YES;
				CLANG_WARN_ENUM_CONVERSION = YES;
				CLANG_WARN_INFINITE_RECURSION = YES;
				CLANG_WARN_INT_CONVERSION = YES;
				CLANG_WARN_NON_LITERAL_NULL_CONVERSION = YES;
				CLANG_WARN_OBJC_IMPLICIT_RETAIN_SELF = YES;
				CLANG_WARN_OBJC_LITERAL_CONVERSION = YES;
				CLANG_WARN_OBJC_ROOT_CLASS = YES_ERROR;
				CLANG_WARN_RANGE_LOOP_ANALYSIS = YES;
				CLANG_WARN_STRICT_PROTOTYPES = YES;
				CLANG_WARN_SUSPICIOUS_MOVE = YES;
				CLANG_WARN_UNGUARDED_AVAILABILITY = YES_AGGRESSIVE;
				CLANG_WARN_UNREACHABLE_CODE = YES;
				CLANG_WARN__DUPLICATE_METHOD_MATCH = YES;
				CODE_SIGN_IDENTITY = "iPhone Developer";
				COPY_PHASE_STRIP = NO;
				DEBUG_INFORMATION_FORMAT = "dwarf-with-dsym";
				ENABLE_NS_ASSERTIONS = NO;
				ENABLE_STRICT_OBJC_MSGSEND = YES;
				GCC_C_LANGUAGE_STANDARD = gnu11;
				GCC_NO_COMMON_BLOCKS = YES;
				GCC_WARN_64_TO_32_BIT_CONVERSION = YES;
				GCC_WARN_ABOUT_RETURN_TYPE = YES_ERROR;
				GCC_WARN_UNDECLARED_SELECTOR = YES;
				GCC_WARN_UNINITIALIZED_AUTOS = YES_AGGRESSIVE;
				GCC_WARN_UNUSED_FUNCTION = YES;
				GCC_WARN_UNUSED_VARIABLE = YES;
				IPHONEOS_DEPLOYMENT_TARGET = 11.3;
				MTL_ENABLE_DEBUG_INFO = NO;
				SDKROOT = iphoneos;
				SWIFT_COMPILATION_MODE = wholemodule;
				SWIFT_OPTIMIZATION_LEVEL = "-O";
				VALIDATE_PRODUCT = YES;
			};
			name = Release;
		};
		48010E1220A4F48D0009C1BE /* Debug */ = {
			isa = XCBuildConfiguration;
			buildSettings = {
				ASSETCATALOG_COMPILER_APPICON_NAME = AppIcon;
				CODE_SIGN_STYLE = Automatic;
				DEVELOPMENT_TEAM = JDYWQEVARC;
				INFOPLIST_FILE = splittingButtonLibrary/Info.plist;
				LD_RUNPATH_SEARCH_PATHS = (
					"$(inherited)",
					"@executable_path/Frameworks",
				);
				PRODUCT_BUNDLE_IDENTIFIER = com.TonyCioara.splittingButtonLibrary;
				PRODUCT_NAME = "$(TARGET_NAME)";
				SWIFT_VERSION = 4.0;
				TARGETED_DEVICE_FAMILY = "1,2";
			};
			name = Debug;
		};
		48010E1320A4F48D0009C1BE /* Release */ = {
			isa = XCBuildConfiguration;
			buildSettings = {
				ASSETCATALOG_COMPILER_APPICON_NAME = AppIcon;
				CODE_SIGN_STYLE = Automatic;
				DEVELOPMENT_TEAM = JDYWQEVARC;
				INFOPLIST_FILE = splittingButtonLibrary/Info.plist;
				LD_RUNPATH_SEARCH_PATHS = (
					"$(inherited)",
					"@executable_path/Frameworks",
				);
				PRODUCT_BUNDLE_IDENTIFIER = com.TonyCioara.splittingButtonLibrary;
				PRODUCT_NAME = "$(TARGET_NAME)";
				SWIFT_VERSION = 4.0;
				TARGETED_DEVICE_FAMILY = "1,2";
			};
			name = Release;
		};
/* End XCBuildConfiguration section */

/* Begin XCConfigurationList section */
		48010DFA20A4F48A0009C1BE /* Build configuration list for PBXProject "splittingButtonLibrary" */ = {
			isa = XCConfigurationList;
			buildConfigurations = (
				48010E0F20A4F48D0009C1BE /* Debug */,
				48010E1020A4F48D0009C1BE /* Release */,
			);
			defaultConfigurationIsVisible = 0;
			defaultConfigurationName = Release;
		};
		48010E1120A4F48D0009C1BE /* Build configuration list for PBXNativeTarget "splittingButtonLibrary" */ = {
			isa = XCConfigurationList;
			buildConfigurations = (
				48010E1220A4F48D0009C1BE /* Debug */,
				48010E1320A4F48D0009C1BE /* Release */,
			);
			defaultConfigurationIsVisible = 0;
			defaultConfigurationName = Release;
		};
/* End XCConfigurationList section */
	};
	rootObject = 48010DF720A4F48A0009C1BE /* Project object */;
}
